
Microsoft Visual Studio Solution File, Format Version 12.00
# Visual Studio Version 16
VisualStudioVersion = 16.0.30907.101
MinimumVisualStudioVersion = 10.0.40219.1
Project("{FAE04EC0-301F-11D3-BF4B-00C04F79EFBC}") = "LabWorkForms№2", "LabWorkForms№2\LabWorkForms№2.csproj", "{72F92080-2350-49D2-9C16-6A8223C65434}"
EndProject
Global
	GlobalSection(SolutionConfigurationPlatforms) = preSolution
		Debug|Any CPU = Debug|Any CPU
		Release|Any CPU = Release|Any CPU
	EndGlobalSection
	GlobalSection(ProjectConfigurationPlatforms) = postSolution
		{72F92080-2350-49D2-9C16-6A8223C65434}.Debug|Any CPU.ActiveCfg = Debug|Any CPU
		{72F92080-2350-49D2-9C16-6A8223C65434}.Debug|Any CPU.Build.0 = Debug|Any CPU
		{72F92080-2350-49D2-9C16-6A8223C65434}.Release|Any CPU.ActiveCfg = Release|Any CPU
		{72F92080-2350-49D2-9C16-6A8223C65434}.Release|Any CPU.Build.0 = Release|Any CPU
	EndGlobalSection
	GlobalSection(SolutionProperties) = preSolution
		HideSolutionNode = FALSE
	EndGlobalSection
	GlobalSection(ExtensibilityGlobals) = postSolution
		SolutionGuid = {FC30F1FE-DA9C-435D-A14B-BE8573B785B4}
	EndGlobalSection
EndGlobal
